github.com/go-telegram-bot-api/telegram-bot-api/v5 v5.5.1 h1:wG8n/XJQ07TmjbITcGiUaOtXxdrINDz1b0J1w0SzqDc=
github.com/go-telegram-bot-api/telegram-bot-api/v5 v5.5.1/go.mod h1:A2S0CWkNylc2phvKXWBBdD3K0iGnDBGbzRpISP2zBl8=
github.com/google/flatbuffers v1.12.0/go.mod h1:1AeVuKshWv4vARoZatz6mlQ0JxURH0Kv5+zNeJKJCa8=
github.com/google/flatbuffers v23.5.26+incompatible/go.mod h1:1AeVuKshWv4vARoZatz6mlQ0JxURH0Kv5+zNeJKJCa8=
github.com/google/flatbuffers v24.3.25+incompatible h1:CX395cjN9Kke9mmalRoL3d81AtFUxJM+yDthflgJGkI=
github.com/google/flatbuffers v24.3.25+incompatible/go.mod h1:1AeVuKshWv4vARoZatz6mlQ0JxURH0Kv5+zNeJKJCa8=
github.com/google/go-cmp v0.6.0 h1:ofyhxvXcZhMsU5ulbFiLKl/XBFqE1GSq7atu8tAmTRI=
github.com/google/go-cmp v0.6.0/go.mod h1:17dUlkBOakJ0+DkrSSNjCkIjxS6bF9zb3elmeNGIjoY=
github.com/joho/godotenv v1.5.1 h1:7eLL/+HRGLY0ldzfGMeQkb7vMd0as4CfYvUVzLqw0N0=
github.com/joho/godotenv v1.5.1/go.mod h1:f4LDr5Voq0i2e/R5DDNOoa2zzDfwtkZa6DnEwAbqwq4=
github.com/objectbox/objectbox-generator v0.13.0/go.mod h1:kanX8YAsG9Fi9tufV0iLMAKfV+d4WLAvSj5rtL01WhQ=
github.com/objectbox/objectbox-generator v0.14.0 h1:+fr7vOFsdz7d/HWZN3ZLjLnGJ8TviliRyeBHlkL/J40=
github.com/objectbox/objectbox-generator v0.14.0/go.mod h1:yMFFd/okhMBw02p6ZJJAmfblqyoQHjfYJie95DQbGn0=
github.com/objectbox/objectbox-go v1.8.0 h1:GET5viHpFz+HijboeGYAXmj67xZ37wCdc7yZg32xkHA=
github.com/objectbox/objectbox-go v1.8.0/go.mod h1:310SfpcNMThWSrpdcClXWiayVMu59xxA3RZdk5x8ay0=
github.com/orcaman/concurrent-map/v2 v2.0.1 h1:jOJ5Pg2w1oeB6PeDurIYf6k9PQ+aTITr/6lP/L/zp6c=
github.com/orcaman/concurrent-map/v2 v2.0.1/go.mod h1:9Eq3TG2oBe5FirmYWQfYO5iH1q0Jv47PLaNK++uCdOM=
github.com/sethvargo/go-envconfig v1.0.1 h1:9wglip/5fUfaH0lQecLM8AyOClMw0gT0A9K2c2wozao=
github.com/sethvargo/go-envconfig v1.0.1/go.mod h1:OKZ02xFaD3MvWBBmEW45fQr08sJEsonGrrOdicvQmQA=
